// !$*UTF8*$!
{
	archiveVersion = 1;
	classes = {
	};
	objectVersion = 56;
	objects = {

/* Begin PBXBuildFile section */
		100000000000000000000101 /* NewMoneyApp.swift in Sources */ = {isa = PBXBuildFile; fileRef = 100000000000000000000201 /* NewMoneyApp.swift */; };
		100000000000000000000102 /* AppView.swift in Sources */ = {isa = PBXBuildFile; fileRef = 100000000000000000000202 /* AppView.swift */; };
		100000000000000000000103 /* FinanceEngineTests.swift in Sources */ = {isa = PBXBuildFile; fileRef = 100000000000000000000203 /* FinanceEngineTests.swift */; };
		100000000000000000000104 /* PlannerModels.swift in Sources */ = {isa = PBXBuildFile; fileRef = 100000000000000000000206 /* PlannerModels.swift */; };
		100000000000000000000105 /* MoneyParser.swift in Sources */ = {isa = PBXBuildFile; fileRef = 100000000000000000000207 /* MoneyParser.swift */; };
		100000000000000000000106 /* FinanceEngine.swift in Sources */ = {isa = PBXBuildFile; fileRef = 100000000000000000000208 /* FinanceEngine.swift */; };
		100000000000000000000107 /* DateUtilities.swift in Sources */ = {isa = PBXBuildFile; fileRef = 100000000000000000000209 /* DateUtilities.swift */; };
		100000000000000000000108 /* DefaultData.swift in Sources */ = {isa = PBXBuildFile; fileRef = 100000000000000000000210 /* DefaultData.swift */; };
		100000000000000000000109 /* PlannerRepository.swift in Sources */ = {isa = PBXBuildFile; fileRef = 100000000000000000000211 /* PlannerRepository.swift */; };
		100000000000000000000110 /* PlannerStore.swift in Sources */ = {isa = PBXBuildFile; fileRef = 100000000000000000000212 /* PlannerStore.swift */; };
		100000000000000000000111 /* ServicePlaceholders.swift in Sources */ = {isa = PBXBuildFile; fileRef = 100000000000000000000213 /* ServicePlaceholders.swift */; };
		100000000000000000000112 /* AppTheme.swift in Sources */ = {isa = PBXBuildFile; fileRef = 100000000000000000000214 /* AppTheme.swift */; };
		100000000000000000000113 /* AppComponents.swift in Sources */ = {isa = PBXBuildFile; fileRef = 100000000000000000000215 /* AppComponents.swift */; };
		100000000000000000000114 /* PlannerDerivedData.swift in Sources */ = {isa = PBXBuildFile; fileRef = 100000000000000000000216 /* PlannerDerivedData.swift */; };
		100000000000000000000115 /* ScreenComponents.swift in Sources */ = {isa = PBXBuildFile; fileRef = 100000000000000000000217 /* ScreenComponents.swift */; };
		100000000000000000000116 /* DashboardView.swift in Sources */ = {isa = PBXBuildFile; fileRef = 100000000000000000000218 /* DashboardView.swift */; };
		100000000000000000000117 /* PaydayView.swift in Sources */ = {isa = PBXBuildFile; fileRef = 100000000000000000000219 /* PaydayView.swift */; };
		100000000000000000000118 /* PotsView.swift in Sources */ = {isa = PBXBuildFile; fileRef = 100000000000000000000220 /* PotsView.swift */; };
		100000000000000000000119 /* CardsView.swift in Sources */ = {isa = PBXBuildFile; fileRef = 100000000000000000000221 /* CardsView.swift */; };
		100000000000000000000120 /* MoreView.swift in Sources */ = {isa = PBXBuildFile; fileRef = 100000000000000000000222 /* MoreView.swift */; };
		100000000000000000000121 /* SecondaryFeatureViews.swift in Sources */ = {isa = PBXBuildFile; fileRef = 100000000000000000000223 /* SecondaryFeatureViews.swift */; };
		D8100000000000000000001 /* FAQView.swift in Sources */ = {isa = PBXBuildFile; fileRef = D8200000000000000000001 /* FAQView.swift */; };
		D8100000000000000000002 /* SettingsRouteRow.swift in Sources */ = {isa = PBXBuildFile; fileRef = D8200000000000000000002 /* SettingsRouteRow.swift */; };
		D8100000000000000000003 /* AppearanceSettingsView.swift in Sources */ = {isa = PBXBuildFile; fileRef = D8200000000000000000003 /* AppearanceSettingsView.swift */; };
		D8100000000000000000004 /* PayDefaultsSettingsView.swift in Sources */ = {isa = PBXBuildFile; fileRef = D8200000000000000000004 /* PayDefaultsSettingsView.swift */; };
		D8100000000000000000005 /* DateSimulationSettingsView.swift in Sources */ = {isa = PBXBuildFile; fileRef = D8200000000000000000005 /* DateSimulationSettingsView.swift */; };
		D8100000000000000000006 /* MoneyLeftSettingsView.swift in Sources */ = {isa = PBXBuildFile; fileRef = D8200000000000000000006 /* MoneyLeftSettingsView.swift */; };
		D8100000000000000000007 /* AISettingsView.swift in Sources */ = {isa = PBXBuildFile; fileRef = D8200000000000000000007 /* AISettingsView.swift */; };
		D8100000000000000000008 /* AccountSettingsView.swift in Sources */ = {isa = PBXBuildFile; fileRef = D8200000000000000000008 /* AccountSettingsView.swift */; };
		D8100000000000000000009 /* DataSettingsView.swift in Sources */ = {isa = PBXBuildFile; fileRef = D8200000000000000000009 /* DataSettingsView.swift */; };
		A8100000000000000000001 /* AssistantLocalResponseBuilder.swift in Sources */ = {isa = PBXBuildFile; fileRef = A8200000000000000000001 /* AssistantLocalResponseBuilder.swift */; };
		A9100000000000000000001 /* SettingsRouteDestination.swift in Sources */ = {isa = PBXBuildFile; fileRef = A9200000000000000000001 /* SettingsRouteDestination.swift */; };
		100000000000000000000122 /* Assets.xcassets in Resources */ = {isa = PBXBuildFile; fileRef = 100000000000000000000224 /* Assets.xcassets */; };
		100000000000000000000123 /* GoogleService-Info.plist in Resources */ = {isa = PBXBuildFile; fileRef = 100000000000000000000225 /* GoogleService-Info.plist */; };
		100000000000000000000124 /* AuthSyncTests.swift in Sources */ = {isa = PBXBuildFile; fileRef = 100000000000000000000226 /* AuthSyncTests.swift */; };
		100000000000000000000125 /* CloudPlannerSync.swift in Sources */ = {isa = PBXBuildFile; fileRef = 100000000000000000000227 /* CloudPlannerSync.swift */; };
		100000000000000000000126 /* FirebaseCore in Frameworks */ = {isa = PBXBuildFile; productRef = 100000000000000000000951 /* FirebaseCore */; };
		100000000000000000000127 /* FirebaseAuth in Frameworks */ = {isa = PBXBuildFile; productRef = 100000000000000000000952 /* FirebaseAuth */; };
		100000000000000000000128 /* FirebaseFirestore in Frameworks */ = {isa = PBXBuildFile; productRef = 100000000000000000000953 /* FirebaseFirestore */; };
		100000000000000000000129 /* GoogleSignIn in Frameworks */ = {isa = PBXBuildFile; productRef = 100000000000000000000954 /* GoogleSignIn */; };
		100000000000000000000130 /* FirebaseServices.swift in Sources */ = {isa = PBXBuildFile; fileRef = 100000000000000000000228 /* FirebaseServices.swift */; };
		100000000000000000000131 /* FirebaseAuthSession.swift in Sources */ = {isa = PBXBuildFile; fileRef = 100000000000000000000229 /* FirebaseAuthSession.swift */; };
		100000000000000000000132 /* AuthGateView.swift in Sources */ = {isa = PBXBuildFile; fileRef = 100000000000000000000230 /* AuthGateView.swift */; };
		100000000000000000000133 /* NewMoneyAppDelegate.swift in Sources */ = {isa = PBXBuildFile; fileRef = 100000000000000000000232 /* NewMoneyAppDelegate.swift */; };
		100000000000000000000134 /* AuthEmailFormValidationTests.swift in Sources */ = {isa = PBXBuildFile; fileRef = 100000000000000000000234 /* AuthEmailFormValidationTests.swift */; };
		100000000000000000000135 /* AppShellNavigationTests.swift in Sources */ = {isa = PBXBuildFile; fileRef = 100000000000000000000235 /* AppShellNavigationTests.swift */; };
		34B1E3F02FF884FB007D21AC /* PremiumCardView.swift in Sources */ = {isa = PBXBuildFile; fileRef = 34B1E3F12FF884FB007D21AC /* PremiumCardView.swift */; };
		34B1E3F42FF88A0007D21AC /* DemoCardsView.swift in Sources */ = {isa = PBXBuildFile; fileRef = 34B1E3F32FF88A0007D21AC /* DemoCardsView.swift */; };
		34B1E3F62FF8B111007D21AC /* AccountsSheetView.swift in Sources */ = {isa = PBXBuildFile; fileRef = 34B1E3F52FF8B111007D21AC /* AccountsSheetView.swift */; };
		34B1E4002FF9000007D21AC /* CreditCardDesigns.swift in Sources */ = {isa = PBXBuildFile; fileRef = 34B1E4012FF9000007D21AC /* CreditCardDesigns.swift */; };
		34B1E4022FF9000007D21AC /* CardDesignPreviewBrowserView.swift in Sources */ = {isa = PBXBuildFile; fileRef = 34B1E4032FF9000007D21AC /* CardDesignPreviewBrowserView.swift */; };
		A10000000000000000000001 /* PersonalJuly2026Fixture.swift in Sources */ = {isa = PBXBuildFile; fileRef = A10000000000000000000002 /* PersonalJuly2026Fixture.swift */; };
		A10000000000000000000003 /* PersonalJuly2026ExpectedResults.swift in Sources */ = {isa = PBXBuildFile; fileRef = A10000000000000000000004 /* PersonalJuly2026ExpectedResults.swift */; };
		A10000000000000000000005 /* PersonalJuly2026ScenarioAudit.swift in Sources */ = {isa = PBXBuildFile; fileRef = A10000000000000000000006 /* PersonalJuly2026ScenarioAudit.swift */; };
		A10000000000000000000007 /* PersonalJuly2026ScenarioTests.swift in Sources */ = {isa = PBXBuildFile; fileRef = A10000000000000000000008 /* PersonalJuly2026ScenarioTests.swift */; };
		B20000000000000000000001 /* PersonalJuly2026LiveRepairPlanner.swift in Sources */ = {isa = PBXBuildFile; fileRef = B20000000000000000000002 /* PersonalJuly2026LiveRepairPlanner.swift */; };
		B20000000000000000000003 /* PersonalJuly2026LiveRepairReport.swift in Sources */ = {isa = PBXBuildFile; fileRef = B20000000000000000000004 /* PersonalJuly2026LiveRepairReport.swift */; };
		B20000000000000000000005 /* PersonalJuly2026LiveRepairFirebaseReader.swift in Sources */ = {isa = PBXBuildFile; fileRef = B20000000000000000000006 /* PersonalJuly2026LiveRepairFirebaseReader.swift */; };
		B20000000000000000000007 /* PersonalJuly2026LiveRepairView.swift in Sources */ = {isa = PBXBuildFile; fileRef = B20000000000000000000008 /* PersonalJuly2026LiveRepairView.swift */; };
		B20000000000000000000009 /* PersonalJuly2026LiveRepairTests.swift in Sources */ = {isa = PBXBuildFile; fileRef = B20000000000000000000010 /* PersonalJuly2026LiveRepairTests.swift */; };
		B30000000000000000000001 /* PersonalJuly2026LiveRepairExecutor.swift in Sources */ = {isa = PBXBuildFile; fileRef = B30000000000000000000002 /* PersonalJuly2026LiveRepairExecutor.swift */; };
		B30000000000000000000003 /* PersonalJuly2026LiveRepairExecutionReport.swift in Sources */ = {isa = PBXBuildFile; fileRef = B30000000000000000000004 /* PersonalJuly2026LiveRepairExecutionReport.swift */; };
		C10000000000000000000001 /* StartupSplashHost.swift in Sources */ = {isa = PBXBuildFile; fileRef = C10000000000000000000011 /* StartupSplashHost.swift */; };
		C10000000000000000000002 /* StartupSplashVideoPlayer.swift in Sources */ = {isa = PBXBuildFile; fileRef = C10000000000000000000012 /* StartupSplashVideoPlayer.swift */; };
		C10000000000000000000003 /* LaunchScreen.storyboard in Resources */ = {isa = PBXBuildFile; fileRef = C10000000000000000000013 /* LaunchScreen.storyboard */; };
		C10000000000000000000004 /* StartupSplash.mp4 in Resources */ = {isa = PBXBuildFile; fileRef = C10000000000000000000014 /* StartupSplash.mp4 */; };
		D40000000000000000000001 /* StatementDetailView.swift in Sources */ = {isa = PBXBuildFile; fileRef = D40000000000000000000002 /* StatementDetailView.swift */; };
		E50000000000000000000001 /* DestructiveBadgeButton.swift in Sources */ = {isa = PBXBuildFile; fileRef = E50000000000000000000002 /* DestructiveBadgeButton.swift */; };
		F60000000000000000000001 /* BankAccountsView.swift in Sources */ = {isa = PBXBuildFile; fileRef = F60000000000000000000011 /* BankAccountsView.swift */; };
		F60000000000000000000002 /* BankAccountFormView.swift in Sources */ = {isa = PBXBuildFile; fileRef = F60000000000000000000012 /* BankAccountFormView.swift */; };
		F60000000000000000000003 /* BankAccountDetailView.swift in Sources */ = {isa = PBXBuildFile; fileRef = F60000000000000000000013 /* BankAccountDetailView.swift */; };
		C70000000000000000000001 /* CreditMetricGrid.swift in Sources */ = {isa = PBXBuildFile; fileRef = C70000000000000000000002 /* CreditMetricGrid.swift */; };
		24A8157AB52B991CA42DE337 = {
			isa = PBXBuildFile;
			fileRef = 6AD117038065EE997CA193B0;
		};
		E3E786FD86D31F9DCADDA729 = {
			isa = PBXBuildFile;
			fileRef = 01D4BF3D773DC03837BA2510;
		};
		02C7907B2338C1F307E2E48D = {
			isa = PBXBuildFile;
			fileRef = 49C25708DAC6C2B87E123AED;
		};
		1A080372381913268F742465 = {
			isa = PBXBuildFile;
			fileRef = 6765A11AF20A262619B70066;
		};
		4FA778289783404406E62492 = {
			isa = PBXBuildFile;
			fileRef = 2A753E50F00D62B572C44115;
		};
		BB2C075B8AA7A5B4947933E8 = {
			isa = PBXBuildFile;
			fileRef = 2B7D1F615881CFF752E7288D;
		};
		9291783947A3B1B035D279E0 = {
			isa = PBXBuildFile;
			fileRef = 9112C30DA7EA6C7C4F5EB50F;
		};
		1D548A116462831D0ADEC173 = {
			isa = PBXBuildFile;
			fileRef = 1B7E2938E0944E32B0E5BFD7;
		};
		60FD27BE884B371D9D4449C3 = {
			isa = PBXBuildFile;
			fileRef = 5DAC4E5539D416636354DE30;
		};
		E40528F5D249E6947D192A8E = {
			isa = PBXBuildFile;
			fileRef = 6F1CDD9F78A15319883B1D9F;
		};
		5B83AC36789B5818D8BED608 = {
			isa = PBXBuildFile;
			fileRef = 45CF5DC2D42F1B100471D3EC;
		};
		EF42F272A4C5ABE968BC1312 = {
			isa = PBXBuildFile;
			fileRef = 5EE71E673202A0227661801F;
		};
		580D0A40BA0315A455B2D6B5 = {
			isa = PBXBuildFile;
			fileRef = 83651B65BFB243E4D2E0292A;
		};
		6CBD58DBC7515B7269D1A268 = {
			isa = PBXBuildFile;
			fileRef = 1C147F8668C80A34205B4534;
		};
		C9EE8E726D03F4CF9E7980F8 = {
			isa = PBXBuildFile;
			fileRef = 474E71E48B8D17875AA7B1EC;
		};
		A354095664A2BDE2B4EE4A67 = {
			isa = PBXBuildFile;
			fileRef = 4B1BC73306557289CFC7C93E;
		};
		D11AE9957B26601DA9774FB4 = {
			isa = PBXBuildFile;
			fileRef = 4C018D982E62FD1359AB12EA;
		};
		52AD8E49E903AD46E27D7866 = {
			isa = PBXBuildFile;
			fileRef = 025F78A93C0008582B536553;
		};
		DD67AEA17750B85FC3C166C9 = {
			isa = PBXBuildFile;
			fileRef = 4850F91052547F09FBC82A03;
		};
		160B39C0BABCCF3EFC1AD276 = {
			isa = PBXBuildFile;
			fileRef = 6EA0818E803EA5E847767FEA;
		};
		5E14D4556BEA773337603F91 = {
			isa = PBXBuildFile;
			fileRef = 35416811653EC69DA73EDD0B;
		};
		262B6491263AB0F001731986 = {
			isa = PBXBuildFile;
			fileRef = A661F28EBC5ECB05E15585E2;
		};
		E3884368947E3140CF95AA85 = {
			isa = PBXBuildFile;
			fileRef = C2FB6B6638C3E4C8F0CDD82C;
		};
		E3EC08390022981CC8FEDFDE = {
			isa = PBXBuildFile;
			fileRef = 2568184C8176BA6C09C30AA0;
		};
		EE94CD3A7F640D5457AFECFF = {
			isa = PBXBuildFile;
			fileRef = F11C82A49DEC08254F82FD85;
		};
		8AB2FD622B74E77B4D85CF64 = {
			isa = PBXBuildFile;
			fileRef = B9D30ECB2E7A01804E425C94;
		};
		4C6E2597E2FC2DEE9776C8F2 = {
			isa = PBXBuildFile;
			fileRef = 648FF3C77D697D50A6B97211;
		};
		19AF5AADCAFA4CD9CBB59DDE = {
			isa = PBXBuildFile;
			fileRef = 6580B3C8B035856F02BDBD17;
		};
		DD1C7E09F42BE9C759DF8E81 = {
			isa = PBXBuildFile;
			fileRef = 5D4177F897E7FCF405BA3647;
		};
		733982B9588683DEAAA7086B = {
			isa = PBXBuildFile;
			fileRef = 0D3526E6A743422861DA1FD5;
		};
		704EA7AB7909ED5E194ACDD1 = {
			isa = PBXBuildFile;
			fileRef = 233CBA95D319C07EF5E298F1;
		};
		1F77B58AF34634DFEC6916B8 = {
			isa = PBXBuildFile;
			fileRef = 3434280594D40183B33BCE54;
		};
		CFA61C786A0CBCC89175025E = {
			isa = PBXBuildFile;
			fileRef = D271AF06637C8CDFA18E4FBE;
		};
/* End PBXBuildFile section */

/* Begin PBXContainerItemProxy section */
		100000000000000000000301 /* PBXContainerItemProxy */ = {
			isa = PBXContainerItemProxy;
			containerPortal = 100000000000000000000001 /* Project object */;
			proxyType = 1;
			remoteGlobalIDString = 100000000000000000000401;
			remoteInfo = NewMoneyIPhone;
		};
/* End PBXContainerItemProxy section */

/* Begin PBXFileReference section */
		100000000000000000000201 /* NewMoneyApp.swift */ = {isa = PBXFileReference; lastKnownFileType = sourcecode.swift; path = NewMoneyApp.swift; sourceTree = "<group>"; };
		100000000000000000000202 /* AppView.swift */ = {isa = PBXFileReference; lastKnownFileType = sourcecode.swift; path = AppView.swift; sourceTree = "<group>"; };
		100000000000000000000203 /* FinanceEngineTests.swift */ = {isa = PBXFileReference; lastKnownFileType = sourcecode.swift; path = FinanceEngineTests.swift; sourceTree = "<group>"; };
		100000000000000000000204 /* NewMoneyIPhone.app */ = {isa = PBXFileReference; explicitFileType = wrapper.application; includeInIndex = 0; path = NewMoneyIPhone.app; sourceTree = BUILT_PRODUCTS_DIR; };
		100000000000000000000205 /* NewMoneyIPhoneTests.xctest */ = {isa = PBXFileReference; explicitFileType = wrapper.cfbundle; includeInIndex = 0; path = NewMoneyIPhoneTests.xctest; sourceTree = BUILT_PRODUCTS_DIR; };
		100000000000000000000206 /* PlannerModels.swift */ = {isa = PBXFileReference; lastKnownFileType = sourcecode.swift; path = PlannerModels.swift; sourceTree = "<group>"; };
		100000000000000000000207 /* MoneyParser.swift */ = {isa = PBXFileReference; lastKnownFileType = sourcecode.swift; path = MoneyParser.swift; sourceTree = "<group>"; };
		100000000000000000000208 /* FinanceEngine.swift */ = {isa = PBXFileReference; lastKnownFileType = sourcecode.swift; path = FinanceEngine.swift; sourceTree = "<group>"; };
		100000000000000000000209 /* DateUtilities.swift */ = {isa = PBXFileReference; lastKnownFileType = sourcecode.swift; path = DateUtilities.swift; sourceTree = "<group>"; };
		100000000000000000000210 /* DefaultData.swift */ = {isa = PBXFileReference; lastKnownFileType = sourcecode.swift; path = DefaultData.swift; sourceTree = "<group>"; };
		100000000000000000000211 /* PlannerRepository.swift */ = {isa = PBXFileReference; lastKnownFileType = sourcecode.swift; path = PlannerRepository.swift; sourceTree = "<group>"; };
		100000000000000000000212 /* PlannerStore.swift */ = {isa = PBXFileReference; lastKnownFileType = sourcecode.swift; path = PlannerStore.swift; sourceTree = "<group>"; };
		100000000000000000000213 /* ServicePlaceholders.swift */ = {isa = PBXFileReference; lastKnownFileType = sourcecode.swift; path = ServicePlaceholders.swift; sourceTree = "<group>"; };
		100000000000000000000214 /* AppTheme.swift */ = {isa = PBXFileReference; lastKnownFileType = sourcecode.swift; path = AppTheme.swift; sourceTree = "<group>"; };
		100000000000000000000215 /* AppComponents.swift */ = {isa = PBXFileReference; lastKnownFileType = sourcecode.swift; path = AppComponents.swift; sourceTree = "<group>"; };
		100000000000000000000216 /* PlannerDerivedData.swift */ = {isa = PBXFileReference; lastKnownFileType = sourcecode.swift; path = PlannerDerivedData.swift; sourceTree = "<group>"; };
		100000000000000000000217 /* ScreenComponents.swift */ = {isa = PBXFileReference; lastKnownFileType = sourcecode.swift; path = ScreenComponents.swift; sourceTree = "<group>"; };
		100000000000000000000218 /* DashboardView.swift */ = {isa = PBXFileReference; lastKnownFileType = sourcecode.swift; path = DashboardView.swift; sourceTree = "<group>"; };
		100000000000000000000219 /* PaydayView.swift */ = {isa = PBXFileReference; lastKnownFileType = sourcecode.swift; path = PaydayView.swift; sourceTree = "<group>"; };
		100000000000000000000220 /* PotsView.swift */ = {isa = PBXFileReference; lastKnownFileType = sourcecode.swift; path = PotsView.swift; sourceTree = "<group>"; };
		100000000000000000000221 /* CardsView.swift */ = {isa = PBXFileReference; lastKnownFileType = sourcecode.swift; path = CardsView.swift; sourceTree = "<group>"; };
		100000000000000000000222 /* MoreView.swift */ = {isa = PBXFileReference; lastKnownFileType = sourcecode.swift; path = MoreView.swift; sourceTree = "<group>"; };
		100000000000000000000223 /* SecondaryFeatureViews.swift */ = {isa = PBXFileReference; lastKnownFileType = sourcecode.swift; path = SecondaryFeatureViews.swift; sourceTree = "<group>"; };
		D8200000000000000000001 /* FAQView.swift */ = {isa = PBXFileReference; lastKnownFileType = sourcecode.swift; path = FAQView.swift; sourceTree = "<group>"; };
		D8200000000000000000002 /* SettingsRouteRow.swift */ = {isa = PBXFileReference; lastKnownFileType = sourcecode.swift; path = SettingsRouteRow.swift; sourceTree = "<group>"; };
		D8200000000000000000003 /* AppearanceSettingsView.swift */ = {isa = PBXFileReference; lastKnownFileType = sourcecode.swift; path = AppearanceSettingsView.swift; sourceTree = "<group>"; };
		D8200000000000000000004 /* PayDefaultsSettingsView.swift */ = {isa = PBXFileReference; lastKnownFileType = sourcecode.swift; path = PayDefaultsSettingsView.swift; sourceTree = "<group>"; };
		D8200000000000000000005 /* DateSimulationSettingsView.swift */ = {isa = PBXFileReference; lastKnownFileType = sourcecode.swift; path = DateSimulationSettingsView.swift; sourceTree = "<group>"; };
		D8200000000000000000006 /* MoneyLeftSettingsView.swift */ = {isa = PBXFileReference; lastKnownFileType = sourcecode.swift; path = MoneyLeftSettingsView.swift; sourceTree = "<group>"; };
		D8200000000000000000007 /* AISettingsView.swift */ = {isa = PBXFileReference; lastKnownFileType = sourcecode.swift; path = AISettingsView.swift; sourceTree = "<group>"; };
		D8200000000000000000008 /* AccountSettingsView.swift */ = {isa = PBXFileReference; lastKnownFileType = sourcecode.swift; path = AccountSettingsView.swift; sourceTree = "<group>"; };
		D8200000000000000000009 /* DataSettingsView.swift */ = {isa = PBXFileReference; lastKnownFileType = sourcecode.swift; path = DataSettingsView.swift; sourceTree = "<group>"; };
		A8200000000000000000001 /* AssistantLocalResponseBuilder.swift */ = {isa = PBXFileReference; lastKnownFileType = sourcecode.swift; path = AssistantLocalResponseBuilder.swift; sourceTree = "<group>"; };
		A9200000000000000000001 /* SettingsRouteDestination.swift */ = {isa = PBXFileReference; lastKnownFileType = sourcecode.swift; path = SettingsRouteDestination.swift; sourceTree = "<group>"; };
		100000000000000000000224 /* Assets.xcassets */ = {isa = PBXFileReference; lastKnownFileType = folder.assetcatalog; path = Assets.xcassets; sourceTree = "<group>"; };
		100000000000000000000225 /* GoogleService-Info.plist */ = {isa = PBXFileReference; lastKnownFileType = text.plist.xml; path = "GoogleService-Info.plist"; sourceTree = "<group>"; };
		100000000000000000000226 /* AuthSyncTests.swift */ = {isa = PBXFileReference; lastKnownFileType = sourcecode.swift; path = AuthSyncTests.swift; sourceTree = "<group>"; };
		100000000000000000000227 /* CloudPlannerSync.swift */ = {isa = PBXFileReference; lastKnownFileType = sourcecode.swift; path = CloudPlannerSync.swift; sourceTree = "<group>"; };
		100000000000000000000228 /* FirebaseServices.swift */ = {isa = PBXFileReference; lastKnownFileType = sourcecode.swift; path = FirebaseServices.swift; sourceTree = "<group>"; };
		100000000000000000000229 /* FirebaseAuthSession.swift */ = {isa = PBXFileReference; lastKnownFileType = sourcecode.swift; path = FirebaseAuthSession.swift; sourceTree = "<group>"; };
		100000000000000000000230 /* AuthGateView.swift */ = {isa = PBXFileReference; lastKnownFileType = sourcecode.swift; path = AuthGateView.swift; sourceTree = "<group>"; };
		100000000000000000000231 /* Info.plist */ = {isa = PBXFileReference; lastKnownFileType = text.plist.xml; path = Info.plist; sourceTree = "<group>"; };
		100000000000000000000232 /* NewMoneyAppDelegate.swift */ = {isa = PBXFileReference; lastKnownFileType = sourcecode.swift; path = NewMoneyAppDelegate.swift; sourceTree = "<group>"; };
		100000000000000000000233 /* NewMoneyIPhone.entitlements */ = {isa = PBXFileReference; lastKnownFileType = text.plist.entitlements; path = NewMoneyIPhone.entitlements; sourceTree = "<group>"; };
		100000000000000000000234 /* AuthEmailFormValidationTests.swift */ = {isa = PBXFileReference; lastKnownFileType = sourcecode.swift; path = AuthEmailFormValidationTests.swift; sourceTree = "<group>"; };
		100000000000000000000235 /* AppShellNavigationTests.swift */ = {isa = PBXFileReference; lastKnownFileType = sourcecode.swift; path = AppShellNavigationTests.swift; sourceTree = "<group>"; };
		34B1E3F12FF884FB007D21AC /* PremiumCardView.swift */ = {isa = PBXFileReference; lastKnownFileType = sourcecode.swift; path = PremiumCardView.swift; sourceTree = "<group>"; };
		34B1E3F32FF88A0007D21AC /* DemoCardsView.swift */ = {isa = PBXFileReference; lastKnownFileType = sourcecode.swift; path = DemoCardsView.swift; sourceTree = "<group>"; };
		34B1E3F52FF8B111007D21AC /* AccountsSheetView.swift */ = {isa = PBXFileReference; lastKnownFileType = sourcecode.swift; path = AccountsSheetView.swift; sourceTree = "<group>"; };
		34B1E4012FF9000007D21AC /* CreditCardDesigns.swift */ = {isa = PBXFileReference; lastKnownFileType = sourcecode.swift; path = CreditCardDesigns.swift; sourceTree = "<group>"; };
		34B1E4032FF9000007D21AC /* CardDesignPreviewBrowserView.swift */ = {isa = PBXFileReference; lastKnownFileType = sourcecode.swift; path = CardDesignPreviewBrowserView.swift; sourceTree = "<group>"; };
		A10000000000000000000002 /* PersonalJuly2026Fixture.swift */ = {isa = PBXFileReference; lastKnownFileType = sourcecode.swift; path = PersonalJuly2026Fixture.swift; sourceTree = "<group>"; };
		A10000000000000000000004 /* PersonalJuly2026ExpectedResults.swift */ = {isa = PBXFileReference; lastKnownFileType = sourcecode.swift; path = PersonalJuly2026ExpectedResults.swift; sourceTree = "<group>"; };
		A10000000000000000000006 /* PersonalJuly2026ScenarioAudit.swift */ = {isa = PBXFileReference; lastKnownFileType = sourcecode.swift; path = PersonalJuly2026ScenarioAudit.swift; sourceTree = "<group>"; };
		A10000000000000000000008 /* PersonalJuly2026ScenarioTests.swift */ = {isa = PBXFileReference; lastKnownFileType = sourcecode.swift; path = PersonalJuly2026ScenarioTests.swift; sourceTree = "<group>"; };
		B20000000000000000000002 /* PersonalJuly2026LiveRepairPlanner.swift */ = {isa = PBXFileReference; lastKnownFileType = sourcecode.swift; path = PersonalJuly2026LiveRepairPlanner.swift; sourceTree = "<group>"; };
		B20000000000000000000004 /* PersonalJuly2026LiveRepairReport.swift */ = {isa = PBXFileReference; lastKnownFileType = sourcecode.swift; path = PersonalJuly2026LiveRepairReport.swift; sourceTree = "<group>"; };
		B20000000000000000000006 /* PersonalJuly2026LiveRepairFirebaseReader.swift */ = {isa = PBXFileReference; lastKnownFileType = sourcecode.swift; path = PersonalJuly2026LiveRepairFirebaseReader.swift; sourceTree = "<group>"; };
		B20000000000000000000008 /* PersonalJuly2026LiveRepairView.swift */ = {isa = PBXFileReference; lastKnownFileType = sourcecode.swift; path = PersonalJuly2026LiveRepairView.swift; sourceTree = "<group>"; };
		B20000000000000000000010 /* PersonalJuly2026LiveRepairTests.swift */ = {isa = PBXFileReference; lastKnownFileType = sourcecode.swift; path = PersonalJuly2026LiveRepairTests.swift; sourceTree = "<group>"; };
		B30000000000000000000002 /* PersonalJuly2026LiveRepairExecutor.swift */ = {isa = PBXFileReference; lastKnownFileType = sourcecode.swift; path = PersonalJuly2026LiveRepairExecutor.swift; sourceTree = "<group>"; };
		B30000000000000000000004 /* PersonalJuly2026LiveRepairExecutionReport.swift */ = {isa = PBXFileReference; lastKnownFileType = sourcecode.swift; path = PersonalJuly2026LiveRepairExecutionReport.swift; sourceTree = "<group>"; };
		C10000000000000000000011 /* StartupSplashHost.swift */ = {isa = PBXFileReference; lastKnownFileType = sourcecode.swift; path = StartupSplashHost.swift; sourceTree = "<group>"; };
		C10000000000000000000012 /* StartupSplashVideoPlayer.swift */ = {isa = PBXFileReference; lastKnownFileType = sourcecode.swift; path = StartupSplashVideoPlayer.swift; sourceTree = "<group>"; };
		C10000000000000000000013 /* LaunchScreen.storyboard */ = {isa = PBXFileReference; lastKnownFileType = file.storyboard; path = LaunchScreen.storyboard; sourceTree = "<group>"; };
		C10000000000000000000014 /* StartupSplash.mp4 */ = {isa = PBXFileReference; lastKnownFileType = file; path = StartupSplash.mp4; sourceTree = "<group>"; };
		D40000000000000000000002 /* StatementDetailView.swift */ = {isa = PBXFileReference; lastKnownFileType = sourcecode.swift; path = StatementDetailView.swift; sourceTree = "<group>"; };
		E50000000000000000000002 /* DestructiveBadgeButton.swift */ = {isa = PBXFileReference; lastKnownFileType = sourcecode.swift; path = DestructiveBadgeButton.swift; sourceTree = "<group>"; };
		F60000000000000000000011 /* BankAccountsView.swift */ = {isa = PBXFileReference; lastKnownFileType = sourcecode.swift; path = BankAccountsView.swift; sourceTree = "<group>"; };
		F60000000000000000000012 /* BankAccountFormView.swift */ = {isa = PBXFileReference; lastKnownFileType = sourcecode.swift; path = BankAccountFormView.swift; sourceTree = "<group>"; };
		F60000000000000000000013 /* BankAccountDetailView.swift */ = {isa = PBXFileReference; lastKnownFileType = sourcecode.swift; path = BankAccountDetailView.swift; sourceTree = "<group>"; };
		C70000000000000000000002 /* CreditMetricGrid.swift */ = {isa = PBXFileReference; lastKnownFileType = sourcecode.swift; path = CreditMetricGrid.swift; sourceTree = "<group>"; };
		6AD117038065EE997CA193B0 = {
			isa = PBXFileReference;
			lastKnownFileType = sourcecode.swift;
			path = RevisionPresentationCache.swift;
			sourceTree = "<group>";
		};
		01D4BF3D773DC03837BA2510 = {
			isa = PBXFileReference;
			lastKnownFileType = sourcecode.swift;
			path = PlannerSaveCoordinator.swift;
			sourceTree = "<group>";
		};
		49C25708DAC6C2B87E123AED = {
			isa = PBXFileReference;
			lastKnownFileType = sourcecode.swift;
			path = AssistantView.swift;
			sourceTree = "<group>";
		};
		6765A11AF20A262619B70066 = {
			isa = PBXFileReference;
			lastKnownFileType = sourcecode.swift;
			path = CalendarMonthPresentation.swift;
			sourceTree = "<group>";
		};
		2A753E50F00D62B572C44115 = {
			isa = PBXFileReference;
			lastKnownFileType = sourcecode.swift;
			path = CalendarPlannerView.swift;
			sourceTree = "<group>";
		};
		2B7D1F615881CFF752E7288D = {
			isa = PBXFileReference;
			lastKnownFileType = sourcecode.swift;
			path = PlanView.swift;
			sourceTree = "<group>";
		};
		9112C30DA7EA6C7C4F5EB50F = {
			isa = PBXFileReference;
			lastKnownFileType = sourcecode.swift;
			path = HistoryView.swift;
			sourceTree = "<group>";
		};
		1B7E2938E0944E32B0E5BFD7 = {
			isa = PBXFileReference;
			lastKnownFileType = sourcecode.swift;
			path = PlannerReminderScheduler.swift;
			sourceTree = "<group>";
		};
		5DAC4E5539D416636354DE30 = {
			isa = PBXFileReference;
			lastKnownFileType = sourcecode.swift;
			path = "FinanceEngineTests+Accounts.swift";
			sourceTree = "<group>";
		};
		6F1CDD9F78A15319883B1D9F = {
			isa = PBXFileReference;
			lastKnownFileType = sourcecode.swift;
			path = "FinanceEngineTests+Calendar.swift";
			sourceTree = "<group>";
		};
		45CF5DC2D42F1B100471D3EC = {
			isa = PBXFileReference;
			lastKnownFileType = sourcecode.swift;
			path = "FinanceEngineTests+Cards.swift";
			sourceTree = "<group>";
		};
		5EE71E673202A0227661801F = {
			isa = PBXFileReference;
			lastKnownFileType = sourcecode.swift;
			path = "FinanceEngineTests+Debts.swift";
			sourceTree = "<group>";
		};
		83651B65BFB243E4D2E0292A = {
			isa = PBXFileReference;
			lastKnownFileType = sourcecode.swift;
			path = "FinanceEngineTests+Funding.swift";
			sourceTree = "<group>";
		};
		1C147F8668C80A34205B4534 = {
			isa = PBXFileReference;
			lastKnownFileType = sourcecode.swift;
			path = "FinanceEngineTests+History.swift";
			sourceTree = "<group>";
		};
		474E71E48B8D17875AA7B1EC = {
			isa = PBXFileReference;
			lastKnownFileType = sourcecode.swift;
			path = "FinanceEngineTests+Persistence.swift";
			sourceTree = "<group>";
		};
		4B1BC73306557289CFC7C93E = {
			isa = PBXFileReference;
			lastKnownFileType = sourcecode.swift;
			path = PresentationCacheTests.swift;
			sourceTree = "<group>";
		};
		4C018D982E62FD1359AB12EA = {
			isa = PBXFileReference;
			lastKnownFileType = sourcecode.swift;
			path = "FinanceEngineTests+ExternalWorkbooks.swift";
			sourceTree = "<group>";
		};
		025F78A93C0008582B536553 = {
			isa = PBXFileReference;
			lastKnownFileType = sourcecode.swift;
			path = "FinanceEngineTests+Fixtures.swift";
			sourceTree = "<group>";
		};
		4850F91052547F09FBC82A03 = {
			isa = PBXFileReference;
			lastKnownFileType = sourcecode.swift;
			path = "FinanceEngineTests+Simulations.swift";
			sourceTree = "<group>";
		};
		6EA0818E803EA5E847767FEA = {
			isa = PBXFileReference;
			lastKnownFileType = sourcecode.swift;
			path = ExternalWorkbookResults.swift;
			sourceTree = "<group>";
		};
		35416811653EC69DA73EDD0B = {
			isa = PBXFileReference;
			lastKnownFileType = sourcecode.swift;
			path = FinanceTestSupport.swift;
			sourceTree = "<group>";
		};
		A661F28EBC5ECB05E15585E2 = {
			isa = PBXFileReference;
			lastKnownFileType = sourcecode.swift;
			path = FullAppSimulationSupport.swift;
			sourceTree = "<group>";
		};
		C2FB6B6638C3E4C8F0CDD82C = {
			isa = PBXFileReference;
			lastKnownFileType = sourcecode.swift;
			path = TestArtifacts.swift;
			sourceTree = "<group>";
		};
		2568184C8176BA6C09C30AA0 = {
			isa = PBXFileReference;
			lastKnownFileType = sourcecode.swift;
			path = PlannerSaveCoordinatorTests.swift;
			sourceTree = "<group>";
		};
		F11C82A49DEC08254F82FD85 = {
			isa = PBXFileReference;
			lastKnownFileType = sourcecode.swift;
			path = StoreReliabilityTests.swift;
			sourceTree = "<group>";
		};
		B9D30ECB2E7A01804E425C94 = {
			isa = PBXFileReference;
			lastKnownFileType = sourcecode.swift;
			path = PlannerSyncCoordinator.swift;
			sourceTree = "<group>";
		};
		648FF3C77D697D50A6B97211 = {
			isa = PBXFileReference;
			lastKnownFileType = sourcecode.swift;
			path = PlannerSyncRecovery.swift;
			sourceTree = "<group>";
		};
		6580B3C8B035856F02BDBD17 = {
			isa = PBXFileReference;
			lastKnownFileType = sourcecode.swift;
			path = FinanceCorrectnessTests.swift;
			sourceTree = "<group>";
		};
		5D4177F897E7FCF405BA3647 = {
			isa = PBXFileReference;
			lastKnownFileType = sourcecode.swift;
			path = SyncRecoveryTests.swift;
			sourceTree = "<group>";
		};
		0D3526E6A743422861DA1FD5 = {
			isa = PBXFileReference;
			lastKnownFileType = sourcecode.swift;
			path = SyncRecoveryView.swift;
			sourceTree = "<group>";
		};
		233CBA95D319C07EF5E298F1 = {
			isa = PBXFileReference;
			lastKnownFileType = sourcecode.swift;
			path = PlannerReminderSchedulerTests.swift;
			sourceTree = "<group>";
		};
		3434280594D40183B33BCE54 = {
			isa = PBXFileReference;
			lastKnownFileType = sourcecode.swift;
			path = RenderingVisualQATests.swift;
			sourceTree = "<group>";
		};
		D271AF06637C8CDFA18E4FBE = {
			isa = PBXFileReference;
			lastKnownFileType = sourcecode.swift;
			path = SessionSyncRecoveryTests.swift;
			sourceTree = "<group>";
		};
/* End PBXFileReference section */

/* Begin PBXFrameworksBuildPhase section */
		100000000000000000000501 /* Frameworks */ = {
			isa = PBXFrameworksBuildPhase;
			buildActionMask = 2147483647;
			files = (
				100000000000000000000126 /* FirebaseCore in Frameworks */,
				100000000000000000000127 /* FirebaseAuth in Frameworks */,
				100000000000000000000128 /* FirebaseFirestore in Frameworks */,
				100000000000000000000129 /* GoogleSignIn in Frameworks */,
			);
			runOnlyForDeploymentPostprocessing = 0;
		};
		100000000000000000000502 /* Frameworks */ = {
			isa = PBXFrameworksBuildPhase;
			buildActionMask = 2147483647;
			files = (
			);
			runOnlyForDeploymentPostprocessing = 0;
		};
/* End PBXFrameworksBuildPhase section */

/* Begin PBXGroup section */
		100000000000000000000601 = {
			isa = PBXGroup;
			children = (
				100000000000000000000602 /* NewMoney */,
				100000000000000000000603 /* NewMoneyTests */,
				100000000000000000000604 /* Products */,
			);
			sourceTree = "<group>";
		};
		100000000000000000000602 /* NewMoney */ = {
			isa = PBXGroup;
			children = (
				100000000000000000000605 /* App */,
				100000000000000000000606 /* Models */,
				100000000000000000000607 /* Domain */,
				100000000000000000000608 /* Data */,
				100000000000000000000609 /* Utilities */,
				100000000000000000000610 /* Theme */,
				100000000000000000000611 /* Components */,
				100000000000000000000612 /* Services */,
				100000000000000000000613 /* Features */,
				100000000000000000000224 /* Assets.xcassets */,
				100000000000000000000225 /* GoogleService-Info.plist */,
				100000000000000000000231 /* Info.plist */,
				100000000000000000000233 /* NewMoneyIPhone.entitlements */,
				C10000000000000000000013 /* LaunchScreen.storyboard */,
				C100000000000000000000614 /* Resources */,
			);
			path = NewMoney;
			sourceTree = "<group>";
		};
		100000000000000000000603 = {
			path = NewMoneyTests;
			isa = PBXGroup;
			children = (
				100000000000000000000203,
				100000000000000000000226,
				100000000000000000000234,
				100000000000000000000235,
				A10000000000000000000004,
				A10000000000000000000006,
				A10000000000000000000008,
				B20000000000000000000010,
				DC217FBE5AF3A071B83478DE,
				4B1BC73306557289CFC7C93E,
				35AB1F5E9CC1AA10307E88B9,
				C4ED5677DAE1ED0CCD4BF3B9,
				2568184C8176BA6C09C30AA0,
				F11C82A49DEC08254F82FD85,
				6580B3C8B035856F02BDBD17,
				5D4177F897E7FCF405BA3647,
				233CBA95D319C07EF5E298F1,
				3434280594D40183B33BCE54,
				D271AF06637C8CDFA18E4FBE,
			);
			sourceTree = "<group>";
		};
		100000000000000000000604 /* Products */ = {
			isa = PBXGroup;
			children = (
				100000000000000000000204 /* NewMoneyIPhone.app */,
				100000000000000000000205 /* NewMoneyIPhoneTests.xctest */,
			);
			name = Products;
			sourceTree = "<group>";
		};
		100000000000000000000605 /* App */ = {
			isa = PBXGroup;
			children = (
				100000000000000000000201 /* NewMoneyApp.swift */,
				100000000000000000000232 /* NewMoneyAppDelegate.swift */,
				C10000000000000000000011 /* StartupSplashHost.swift */,
				C10000000000000000000012 /* StartupSplashVideoPlayer.swift */,
				100000000000000000000202 /* AppView.swift */,
				34B1E3F52FF8B111007D21AC /* AccountsSheetView.swift */,
				100000000000000000000212 /* PlannerStore.swift */,
			);
			path = App;
			sourceTree = "<group>";
		};
		100000000000000000000606 /* Models */ = {
			isa = PBXGroup;
			children = (
				100000000000000000000206 /* PlannerModels.swift */,
			);
			path = Models;
			sourceTree = "<group>";
		};
		100000000000000000000607 /* Domain */ = {
			isa = PBXGroup;
			children = (
				100000000000000000000208 /* FinanceEngine.swift */,
				100000000000000000000216 /* PlannerDerivedData.swift */,
			);
			path = Domain;
			sourceTree = "<group>";
		};
		100000000000000000000608 = {
			path = Data;
			isa = PBXGroup;
			children = (
				100000000000000000000210,
				100000000000000000000211,
				A10000000000000000000002,
				B20000000000000000000002,
				B20000000000000000000004,
				B30000000000000000000004,
				01D4BF3D773DC03837BA2510,
			);
			sourceTree = "<group>";
		};
		100000000000000000000609 /* Utilities */ = {
			isa = PBXGroup;
			children = (
				100000000000000000000207 /* MoneyParser.swift */,
				100000000000000000000209 /* DateUtilities.swift */,
			);
			path = Utilities;
			sourceTree = "<group>";
		};
		100000000000000000000610 /* Theme */ = {
			isa = PBXGroup;
			children = (
				100000000000000000000214 /* AppTheme.swift */,
			);
			path = Theme;
			sourceTree = "<group>";
		};
		100000000000000000000611 = {
			path = Components;
			isa = PBXGroup;
			children = (
				100000000000000000000215,
				100000000000000000000217,
				C70000000000000000000002,
				E50000000000000000000002,
				6AD117038065EE997CA193B0,
			);
			sourceTree = "<group>";
		};
		100000000000000000000612 = {
			path = Services;
			isa = PBXGroup;
			children = (
				100000000000000000000213,
				100000000000000000000227,
				100000000000000000000228,
				100000000000000000000229,
				B20000000000000000000006,
				B30000000000000000000002,
				1B7E2938E0944E32B0E5BFD7,
				B9D30ECB2E7A01804E425C94,
				648FF3C77D697D50A6B97211,
			);
			sourceTree = "<group>";
		};
		100000000000000000000613 = {
			path = Features;
			isa = PBXGroup;
			children = (
				100000000000000000000619,
				100000000000000000000614,
				100000000000000000000615,
				100000000000000000000616,
				100000000000000000000617,
				F60000000000000000000020,
				100000000000000000000618,
				9914987F60BE2ACEB89C2CE5,
				D418027E608FF91D2AD34BBD,
				248C9CB5677C13ADE4136517,
				9FB5E757DACE163B38B4FF72,
			);
			sourceTree = "<group>";
		};
		100000000000000000000614 /* Dashboard */ = {
			isa = PBXGroup;
			children = (
				100000000000000000000218 /* DashboardView.swift */,
			);
			path = Dashboard;
			sourceTree = "<group>";
		};
		100000000000000000000615 /* Payday */ = {
			isa = PBXGroup;
			children = (
				100000000000000000000219 /* PaydayView.swift */,
			);
			path = Payday;
			sourceTree = "<group>";
		};
		100000000000000000000616 /* Pots */ = {
			isa = PBXGroup;
			children = (
				100000000000000000000220 /* PotsView.swift */,
			);
			path = Pots;
			sourceTree = "<group>";
		};
		100000000000000000000617 /* Cards */ = {
			isa = PBXGroup;
			children = (
				100000000000000000000221 /* CardsView.swift */,
				34B1E3F12FF884FB007D21AC /* PremiumCardView.swift */,
				34B1E4012FF9000007D21AC /* CreditCardDesigns.swift */,
				34B1E3F22FF88A0007D21AC /* Demo-Cards */,
			);
			path = Cards;
			sourceTree = "<group>";
		};
		100000000000000000000618 = {
			path = More;
			isa = PBXGroup;
			children = (
				100000000000000000000222,
				D40000000000000000000002,
				100000000000000000000223,
				D8200000000000000000001,
				D8200000000000000000002,
				D8200000000000000000003,
				D8200000000000000000004,
				D8200000000000000000005,
				D8200000000000000000006,
				D8200000000000000000007,
				D8200000000000000000008,
				D8200000000000000000009,
				A9200000000000000000001,
			);
			sourceTree = "<group>";
		};
		F60000000000000000000020 /* BankAccounts */ = {
			isa = PBXGroup;
			children = (
				F60000000000000000000011 /* BankAccountsView.swift */,
				F60000000000000000000012 /* BankAccountFormView.swift */,
				F60000000000000000000013 /* BankAccountDetailView.swift */,
			);
			path = BankAccounts;
			sourceTree = "<group>";
		};
		100000000000000000000619 /* Auth */ = {
			isa = PBXGroup;
			children = (
				100000000000000000000230 /* AuthGateView.swift */,
				B20000000000000000000008 /* PersonalJuly2026LiveRepairView.swift */,
			);
			path = Auth;
			sourceTree = "<group>";
		};
		34B1E3F22FF88A0007D21AC /* Demo-Cards */ = {
			isa = PBXGroup;
			children = (
				34B1E3F32FF88A0007D21AC /* DemoCardsView.swift */,
				34B1E4032FF9000007D21AC /* CardDesignPreviewBrowserView.swift */,
			);
			path = "Demo-Cards";
			sourceTree = "<group>";
		};
		C100000000000000000000614 /* Resources */ = {
			isa = PBXGroup;
			children = (
				C10000000000000000000014 /* StartupSplash.mp4 */,
			);
			path = Resources;
			sourceTree = "<group>";
		};
		9914987F60BE2ACEB89C2CE5 = {
			isa = PBXGroup;
			children = (
				A8200000000000000000001,
				49C25708DAC6C2B87E123AED,
			);
			path = Assistant;
			sourceTree = "<group>";
		};
		D418027E608FF91D2AD34BBD = {
			isa = PBXGroup;
			children = (
				6765A11AF20A262619B70066,
				2A753E50F00D62B572C44115,
				2B7D1F615881CFF752E7288D,
			);
			path = Calendar;
			sourceTree = "<group>";
		};
		248C9CB5677C13ADE4136517 = {
			isa = PBXGroup;
			children = (
				9112C30DA7EA6C7C4F5EB50F,
			);
			path = History;
			sourceTree = "<group>";
		};
		DC217FBE5AF3A071B83478DE = {
			isa = PBXGroup;
			children = (
				5DAC4E5539D416636354DE30,
				6F1CDD9F78A15319883B1D9F,
				45CF5DC2D42F1B100471D3EC,
				5EE71E673202A0227661801F,
				83651B65BFB243E4D2E0292A,
				1C147F8668C80A34205B4534,
				474E71E48B8D17875AA7B1EC,
			);
			path = Finance;
			sourceTree = "<group>";
		};
		35AB1F5E9CC1AA10307E88B9 = {
			isa = PBXGroup;
			children = (
				4C018D982E62FD1359AB12EA,
				025F78A93C0008582B536553,
				4850F91052547F09FBC82A03,
			);
			path = Scenarios;
			sourceTree = "<group>";
		};
		C4ED5677DAE1ED0CCD4BF3B9 = {
			isa = PBXGroup;
			children = (
				6EA0818E803EA5E847767FEA,
				35416811653EC69DA73EDD0B,
				A661F28EBC5ECB05E15585E2,
				C2FB6B6638C3E4C8F0CDD82C,
			);
			path = Support;
			sourceTree = "<group>";
		};
		9FB5E757DACE163B38B4FF72 = {
			isa = PBXGroup;
			children = (
				0D3526E6A743422861DA1FD5,
			);
			path = Sync;
			sourceTree = "<group>";
		};
/* End PBXGroup section */

/* Begin PBXNativeTarget section */
		100000000000000000000401 /* NewMoneyIPhone */ = {
			isa = PBXNativeTarget;
			buildConfigurationList = 100000000000000000000701 /* Build configuration list for PBXNativeTarget "NewMoneyIPhone" */;
			buildPhases = (
				100000000000000000000801 /* Sources */,
				100000000000000000000501 /* Frameworks */,
				100000000000000000000901 /* Resources */,
			);
			buildRules = (
			);
			dependencies = (
			);
			name = NewMoneyIPhone;
			packageProductDependencies = (
				100000000000000000000951 /* FirebaseCore */,
				100000000000000000000952 /* FirebaseAuth */,
				100000000000000000000953 /* FirebaseFirestore */,
				100000000000000000000954 /* GoogleSignIn */,
			);
			productName = NewMoneyIPhone;
			productReference = 100000000000000000000204 /* NewMoneyIPhone.app */;
			productType = "com.apple.product-type.application";
		};
		100000000000000000000402 /* NewMoneyIPhoneTests */ = {
			isa = PBXNativeTarget;
			buildConfigurationList = 100000000000000000000702 /* Build configuration list for PBXNativeTarget "NewMoneyIPhoneTests" */;
			buildPhases = (
				100000000000000000000802 /* Sources */,
				100000000000000000000502 /* Frameworks */,
				100000000000000000000902 /* Resources */,
			);
			buildRules = (
			);
			dependencies = (
				100000000000000000000302 /* PBXTargetDependency */,
			);
			name = NewMoneyIPhoneTests;
			productName = NewMoneyIPhoneTests;
			productReference = 100000000000000000000205 /* NewMoneyIPhoneTests.xctest */;
			productType = "com.apple.product-type.bundle.unit-test";
		};
/* End PBXNativeTarget section */

/* Begin PBXProject section */
		100000000000000000000001 /* Project object */ = {
			isa = PBXProject;
			attributes = {
				BuildIndependentTargetsInParallel = 1;
				LastSwiftUpdateCheck = 2650;
				LastUpgradeCheck = 2650;
				TargetAttributes = {
					100000000000000000000401 = {
						CreatedOnToolsVersion = 26.5;
						SystemCapabilities = {
							com.apple.AppleSignIn = {
								enabled = 1;
							};
							com.apple.BackgroundModes = {
								enabled = 1;
							};
							com.apple.Push = {
								enabled = 1;
							};
						};
					};
					100000000000000000000402 = {
						CreatedOnToolsVersion = 26.5;
						TestTargetID = 100000000000000000000401;
					};
				};
			};
			buildConfigurationList = 100000000000000000000703 /* Build configuration list for PBXProject "NewMoneyIPhone" */;
			compatibilityVersion = "Xcode 14.0";
			developmentRegion = en;
			hasScannedForEncodings = 0;
			knownRegions = (
				en,
				Base,
			);
			mainGroup = 100000000000000000000601;
			packageReferences = (
				100000000000000000000941 /* XCRemoteSwiftPackageReference "firebase-ios-sdk" */,
				100000000000000000000942 /* XCRemoteSwiftPackageReference "GoogleSignIn-iOS" */,
			);
			productRefGroup = 100000000000000000000604 /* Products */;
			projectDirPath = "";
			projectRoot = "";
			targets = (
				100000000000000000000401 /* NewMoneyIPhone */,
				100000000000000000000402 /* NewMoneyIPhoneTests */,
			);
		};
/* End PBXProject section */

/* Begin PBXResourcesBuildPhase section */
		100000000000000000000901 /* Resources */ = {
			isa = PBXResourcesBuildPhase;
			buildActionMask = 2147483647;
			files = (
				100000000000000000000122 /* Assets.xcassets in Resources */,
				100000000000000000000123 /* GoogleService-Info.plist in Resources */,
				C10000000000000000000003 /* LaunchScreen.storyboard in Resources */,
				C10000000000000000000004 /* StartupSplash.mp4 in Resources */,
			);
			runOnlyForDeploymentPostprocessing = 0;
		};
		100000000000000000000902 /* Resources */ = {
			isa = PBXResourcesBuildPhase;
			buildActionMask = 2147483647;
			files = (
			);
			runOnlyForDeploymentPostprocessing = 0;
		};
/* End PBXResourcesBuildPhase section */

/* Begin PBXSourcesBuildPhase section */
		100000000000000000000801 = {
			isa = PBXSourcesBuildPhase;
			buildActionMask = 2147483647;
			files = (
				100000000000000000000101,
				100000000000000000000102,
				34B1E3F62FF8B111007D21AC,
				100000000000000000000104,
				100000000000000000000105,
				100000000000000000000106,
				100000000000000000000107,
				100000000000000000000108,
				100000000000000000000109,
				100000000000000000000110,
				100000000000000000000111,
				100000000000000000000112,
				100000000000000000000113,
				100000000000000000000114,
				100000000000000000000115,
				C70000000000000000000001,
				E50000000000000000000001,
				100000000000000000000116,
				100000000000000000000117,
				100000000000000000000118,
				100000000000000000000119,
				34B1E3F02FF884FB007D21AC,
				34B1E3F42FF88A0007D21AC,
				34B1E4002FF9000007D21AC,
				34B1E4022FF9000007D21AC,
				100000000000000000000120,
				D40000000000000000000001,
				100000000000000000000121,
				D8100000000000000000001,
				D8100000000000000000002,
				D8100000000000000000003,
				D8100000000000000000004,
				D8100000000000000000005,
				D8100000000000000000006,
				D8100000000000000000007,
				D8100000000000000000008,
				D8100000000000000000009,
				A8100000000000000000001,
				A9100000000000000000001,
				F60000000000000000000001,
				F60000000000000000000002,
				F60000000000000000000003,
				100000000000000000000125,
				100000000000000000000130,
				100000000000000000000131,
				100000000000000000000132,
				100000000000000000000133,
				A10000000000000000000001,
				B20000000000000000000001,
				B20000000000000000000003,
				B20000000000000000000005,
				B20000000000000000000007,
				B30000000000000000000001,
				B30000000000000000000003,
				C10000000000000000000001,
				C10000000000000000000002,
				24A8157AB52B991CA42DE337,
				E3E786FD86D31F9DCADDA729,
				02C7907B2338C1F307E2E48D,
				1A080372381913268F742465,
				4FA778289783404406E62492,
				BB2C075B8AA7A5B4947933E8,
				9291783947A3B1B035D279E0,
				1D548A116462831D0ADEC173,
				8AB2FD622B74E77B4D85CF64,
				4C6E2597E2FC2DEE9776C8F2,
				733982B9588683DEAAA7086B,
			);
			runOnlyForDeploymentPostprocessing = 0;
		};
		100000000000000000000802 = {
			isa = PBXSourcesBuildPhase;
			buildActionMask = 2147483647;
			files = (
				100000000000000000000103,
				100000000000000000000124,
				100000000000000000000134,
				100000000000000000000135,
				A10000000000000000000003,
				A10000000000000000000005,
				A10000000000000000000007,
				B20000000000000000000009,
				60FD27BE884B371D9D4449C3,
				E40528F5D249E6947D192A8E,
				5B83AC36789B5818D8BED608,
				EF42F272A4C5ABE968BC1312,
				580D0A40BA0315A455B2D6B5,
				6CBD58DBC7515B7269D1A268,
				C9EE8E726D03F4CF9E7980F8,
				A354095664A2BDE2B4EE4A67,
				D11AE9957B26601DA9774FB4,
				52AD8E49E903AD46E27D7866,
				DD67AEA17750B85FC3C166C9,
				160B39C0BABCCF3EFC1AD276,
				5E14D4556BEA773337603F91,
				262B6491263AB0F001731986,
				E3884368947E3140CF95AA85,
				E3EC08390022981CC8FEDFDE,
				EE94CD3A7F640D5457AFECFF,
				19AF5AADCAFA4CD9CBB59DDE,
				DD1C7E09F42BE9C759DF8E81,
				704EA7AB7909ED5E194ACDD1,
				1F77B58AF34634DFEC6916B8,
				CFA61C786A0CBCC89175025E,
			);
			runOnlyForDeploymentPostprocessing = 0;
		};
/* End PBXSourcesBuildPhase section */

/* Begin PBXTargetDependency section */
		100000000000000000000302 /* PBXTargetDependency */ = {
			isa = PBXTargetDependency;
			target = 100000000000000000000401 /* NewMoneyIPhone */;
			targetProxy = 100000000000000000000301 /* PBXContainerItemProxy */;
		};
/* End PBXTargetDependency section */

/* Begin XCBuildConfiguration section */
		100000000000000000001001 /* Debug */ = {
			isa = XCBuildConfiguration;
			buildSettings = {
				ALWAYS_SEARCH_USER_PATHS = NO;
				CLANG_ANALYZER_NONNULL = YES;
				CLANG_ANALYZER_NUMBER_OBJECT_CONVERSION = YES_AGGRESSIVE;
				CLANG_CXX_LANGUAGE_STANDARD = "gnu++20";
				CLANG_ENABLE_MODULES = YES;
				CLANG_ENABLE_OBJC_ARC = YES;
				CLANG_ENABLE_OBJC_WEAK = YES;
				CLANG_WARN_BLOCK_CAPTURE_AUTORELEASING = YES;
				CLANG_WARN_BOOL_CONVERSION = YES;
				CLANG_WARN_COMMA = YES;
				CLANG_WARN_CONSTANT_CONVERSION = YES;
				CLANG_WARN_DEPRECATED_OBJC_IMPLEMENTATIONS = YES;
				CLANG_WARN_DIRECT_OBJC_ISA_USAGE = YES_ERROR;
				CLANG_WARN_DOCUMENTATION_COMMENTS = YES;
				CLANG_WARN_EMPTY_BODY = YES;
				CLANG_WARN_ENUM_CONVERSION = YES;
				CLANG_WARN_INFINITE_RECURSION = YES;
				CLANG_WARN_INT_CONVERSION = YES;
				CLANG_WARN_NON_LITERAL_NULL_CONVERSION = YES;
				CLANG_WARN_OBJC_IMPLICIT_RETAIN_SELF = YES;
				CLANG_WARN_OBJC_LITERAL_CONVERSION = YES;
				CLANG_WARN_OBJC_ROOT_CLASS = YES_ERROR;
				CLANG_WARN_QUOTED_INCLUDE_IN_FRAMEWORK_HEADER = YES;
				CLANG_WARN_RANGE_LOOP_ANALYSIS = YES;
				CLANG_WARN_STRICT_PROTOTYPES = YES;
				CLANG_WARN_SUSPICIOUS_MOVE = YES;
				CLANG_WARN_UNGUARDED_AVAILABILITY = YES_AGGRESSIVE;
				CLANG_WARN_UNREACHABLE_CODE = YES;
				CLANG_WARN__DUPLICATE_METHOD_MATCH = YES;
				COPY_PHASE_STRIP = NO;
				DEBUG_INFORMATION_FORMAT = dwarf;
				ENABLE_STRICT_OBJC_MSGSEND = YES;
				ENABLE_TESTABILITY = YES;
				ENABLE_USER_SCRIPT_SANDBOXING = YES;
				GCC_C_LANGUAGE_STANDARD = gnu17;
				GCC_DYNAMIC_NO_PIC = NO;
				GCC_NO_COMMON_BLOCKS = YES;
				GCC_OPTIMIZATION_LEVEL = 0;
				GCC_PREPROCESSOR_DEFINITIONS = (
					"DEBUG=1",
					"$(inherited)",
				);
				GCC_WARN_64_TO_32_BIT_CONVERSION = YES;
				GCC_WARN_ABOUT_RETURN_TYPE = YES_ERROR;
				GCC_WARN_UNDECLARED_SELECTOR = YES;
				GCC_WARN_UNINITIALIZED_AUTOS = YES_AGGRESSIVE;
				GCC_WARN_UNUSED_FUNCTION = YES;
				GCC_WARN_UNUSED_VARIABLE = YES;
				IPHONEOS_DEPLOYMENT_TARGET = 17.0;
				MTL_ENABLE_DEBUG_INFO = INCLUDE_SOURCE;
				MTL_FAST_MATH = YES;
				SDKROOT = iphoneos;
				SWIFT_ACTIVE_COMPILATION_CONDITIONS = DEBUG;
				SWIFT_OPTIMIZATION_LEVEL = "-Onone";
			};
			name = Debug;
		};
		100000000000000000001002 /* Release */ = {
			isa = XCBuildConfiguration;
			buildSettings = {
				ALWAYS_SEARCH_USER_PATHS = NO;
				CLANG_ANALYZER_NONNULL = YES;
				CLANG_ANALYZER_NUMBER_OBJECT_CONVERSION = YES_AGGRESSIVE;
				CLANG_CXX_LANGUAGE_STANDARD = "gnu++20";
				CLANG_ENABLE_MODULES = YES;
				CLANG_ENABLE_OBJC_ARC = YES;
				CLANG_ENABLE_OBJC_WEAK = YES;
				CLANG_WARN_BLOCK_CAPTURE_AUTORELEASING = YES;
				CLANG_WARN_BOOL_CONVERSION = YES;
				CLANG_WARN_COMMA = YES;
				CLANG_WARN_CONSTANT_CONVERSION = YES;
				CLANG_WARN_DEPRECATED_OBJC_IMPLEMENTATIONS = YES;
				CLANG_WARN_DIRECT_OBJC_ISA_USAGE = YES_ERROR;
				CLANG_WARN_DOCUMENTATION_COMMENTS = YES;
				CLANG_WARN_EMPTY_BODY = YES;
				CLANG_WARN_ENUM_CONVERSION = YES;
				CLANG_WARN_INFINITE_RECURSION = YES;
				CLANG_WARN_INT_CONVERSION = YES;
				CLANG_WARN_NON_LITERAL_NULL_CONVERSION = YES;
				CLANG_WARN_OBJC_IMPLICIT_RETAIN_SELF = YES;
				CLANG_WARN_OBJC_LITERAL_CONVERSION = YES;
				CLANG_WARN_OBJC_ROOT_CLASS = YES_ERROR;
				CLANG_WARN_QUOTED_INCLUDE_IN_FRAMEWORK_HEADER = YES;
				CLANG_WARN_RANGE_LOOP_ANALYSIS = YES;
				CLANG_WARN_STRICT_PROTOTYPES = YES;
				CLANG_WARN_SUSPICIOUS_MOVE = YES;
				CLANG_WARN_UNGUARDED_AVAILABILITY = YES_AGGRESSIVE;
				CLANG_WARN_UNREACHABLE_CODE = YES;
				CLANG_WARN__DUPLICATE_METHOD_MATCH = YES;
				COPY_PHASE_STRIP = NO;
				DEBUG_INFORMATION_FORMAT = "dwarf-with-dsym";
				ENABLE_NS_ASSERTIONS = NO;
				ENABLE_STRICT_OBJC_MSGSEND = YES;
				ENABLE_USER_SCRIPT_SANDBOXING = YES;
				GCC_C_LANGUAGE_STANDARD = gnu17;
				GCC_NO_COMMON_BLOCKS = YES;
				GCC_WARN_64_TO_32_BIT_CONVERSION = YES;
				GCC_WARN_ABOUT_RETURN_TYPE = YES_ERROR;
				GCC_WARN_UNDECLARED_SELECTOR = YES;
				GCC_WARN_UNINITIALIZED_AUTOS = YES_AGGRESSIVE;
				GCC_WARN_UNUSED_FUNCTION = YES;
				GCC_WARN_UNUSED_VARIABLE = YES;
				IPHONEOS_DEPLOYMENT_TARGET = 17.0;
				MTL_ENABLE_DEBUG_INFO = NO;
				MTL_FAST_MATH = YES;
				SDKROOT = iphoneos;
				SWIFT_COMPILATION_MODE = wholemodule;
				VALIDATE_PRODUCT = YES;
			};
			name = Release;
		};
		100000000000000000001101 /* Debug */ = {
			isa = XCBuildConfiguration;
			buildSettings = {
				APS_ENVIRONMENT = development;
				ASSETCATALOG_COMPILER_APPICON_NAME = AppIcon;
				ASSETCATALOG_COMPILER_GLOBAL_ACCENT_COLOR_NAME = AccentColor;
				CODE_SIGN_ENTITLEMENTS = NewMoney/NewMoneyIPhone.entitlements;
				CODE_SIGN_STYLE = Automatic;
				CURRENT_PROJECT_VERSION = 55;
				DEVELOPMENT_TEAM = XK5H4LTL88;
				GENERATE_INFOPLIST_FILE = NO;
				INFOPLIST_FILE = NewMoney/Info.plist;
				IPHONEOS_DEPLOYMENT_TARGET = 17.0;
				LD_RUNPATH_SEARCH_PATHS = (
					"$(inherited)",
					"@executable_path/Frameworks",
				);
				MARKETING_VERSION = 1.0;
				OTHER_LDFLAGS = (
					"$(inherited)",
					"-ObjC",
				);
				PRODUCT_BUNDLE_IDENTIFIER = space.scriptai.money.NewMoneyIPhone;
				PRODUCT_NAME = "$(TARGET_NAME)";
				SWIFT_EMIT_LOC_STRINGS = YES;
				SWIFT_VERSION = 6.0;
				TARGETED_DEVICE_FAMILY = 1;
			};
			name = Debug;
		};
		100000000000000000001102 /* Release */ = {
			isa = XCBuildConfiguration;
			buildSettings = {
				APS_ENVIRONMENT = production;
				ASSETCATALOG_COMPILER_APPICON_NAME = AppIcon;
				ASSETCATALOG_COMPILER_GLOBAL_ACCENT_COLOR_NAME = AccentColor;
				CODE_SIGN_ENTITLEMENTS = NewMoney/NewMoneyIPhone.entitlements;
				CODE_SIGN_STYLE = Automatic;
				CURRENT_PROJECT_VERSION = 55;
				DEVELOPMENT_TEAM = XK5H4LTL88;
				EXCLUDED_SOURCE_FILE_NAMES = (
					PersonalJuly2026Fixture.swift,
					PersonalJuly2026LiveRepairPlanner.swift,
					PersonalJuly2026LiveRepairReport.swift,
					PersonalJuly2026LiveRepairFirebaseReader.swift,
					PersonalJuly2026LiveRepairView.swift,
					PersonalJuly2026LiveRepairExecutor.swift,
					PersonalJuly2026LiveRepairExecutionReport.swift,
				);
				GENERATE_INFOPLIST_FILE = NO;
				INFOPLIST_FILE = NewMoney/Info.plist;
				IPHONEOS_DEPLOYMENT_TARGET = 17.0;
				LD_RUNPATH_SEARCH_PATHS = (
					"$(inherited)",
					"@executable_path/Frameworks",
				);
				MARKETING_VERSION = 1.0;
				OTHER_LDFLAGS = (
					"$(inherited)",
					"-ObjC",
				);
				PRODUCT_BUNDLE_IDENTIFIER = space.scriptai.money.NewMoneyIPhone;
				PRODUCT_NAME = "$(TARGET_NAME)";
				SWIFT_EMIT_LOC_STRINGS = YES;
				SWIFT_VERSION = 6.0;
				TARGETED_DEVICE_FAMILY = 1;
			};
			name = Release;
		};
		100000000000000000001201 /* Debug */ = {
			isa = XCBuildConfiguration;
			buildSettings = {
				BUNDLE_LOADER = "$(TEST_HOST)";
				CODE_SIGN_STYLE = Automatic;
				DEVELOPMENT_TEAM = "";
				GENERATE_INFOPLIST_FILE = YES;
				IPHONEOS_DEPLOYMENT_TARGET = 17.0;
				LD_RUNPATH_SEARCH_PATHS = (
					"$(inherited)",
					"@executable_path/Frameworks",
					"@loader_path/Frameworks",
				);
				PRODUCT_BUNDLE_IDENTIFIER = space.scriptai.money.NewMoneyIPhoneTests;
				PRODUCT_NAME = "$(TARGET_NAME)";
				SWIFT_VERSION = 6.0;
				TARGETED_DEVICE_FAMILY = 1;
				TEST_HOST = "$(BUILT_PRODUCTS_DIR)/NewMoneyIPhone.app/$(BUNDLE_EXECUTABLE_FOLDER_PATH)/NewMoneyIPhone";
			};
			name = Debug;
		};
		100000000000000000001202 /* Release */ = {
			isa = XCBuildConfiguration;
			buildSettings = {
				BUNDLE_LOADER = "$(TEST_HOST)";
				CODE_SIGN_STYLE = Automatic;
				DEVELOPMENT_TEAM = "";
				GENERATE_INFOPLIST_FILE = YES;
				IPHONEOS_DEPLOYMENT_TARGET = 17.0;
				LD_RUNPATH_SEARCH_PATHS = (
					"$(inherited)",
					"@executable_path/Frameworks",
					"@loader_path/Frameworks",
				);
				PRODUCT_BUNDLE_IDENTIFIER = space.scriptai.money.NewMoneyIPhoneTests;
				PRODUCT_NAME = "$(TARGET_NAME)";
				SWIFT_VERSION = 6.0;
				TARGETED_DEVICE_FAMILY = 1;
				TEST_HOST = "$(BUILT_PRODUCTS_DIR)/NewMoneyIPhone.app/$(BUNDLE_EXECUTABLE_FOLDER_PATH)/NewMoneyIPhone";
			};
			name = Release;
		};
/* End XCBuildConfiguration section */

/* Begin XCConfigurationList section */
		100000000000000000000701 /* Build configuration list for PBXNativeTarget "NewMoneyIPhone" */ = {
			isa = XCConfigurationList;
			buildConfigurations = (
				100000000000000000001101 /* Debug */,
				100000000000000000001102 /* Release */,
			);
			defaultConfigurationIsVisible = 0;
			defaultConfigurationName = Release;
		};
		100000000000000000000702 /* Build configuration list for PBXNativeTarget "NewMoneyIPhoneTests" */ = {
			isa = XCConfigurationList;
			buildConfigurations = (
				100000000000000000001201 /* Debug */,
				100000000000000000001202 /* Release */,
			);
			defaultConfigurationIsVisible = 0;
			defaultConfigurationName = Release;
		};
		100000000000000000000703 /* Build configuration list for PBXProject "NewMoneyIPhone" */ = {
			isa = XCConfigurationList;
			buildConfigurations = (
				100000000000000000001001 /* Debug */,
				100000000000000000001002 /* Release */,
			);
			defaultConfigurationIsVisible = 0;
			defaultConfigurationName = Release;
		};
/* End XCConfigurationList section */

/* Begin XCRemoteSwiftPackageReference section */
		100000000000000000000941 /* XCRemoteSwiftPackageReference "firebase-ios-sdk" */ = {
			isa = XCRemoteSwiftPackageReference;
			repositoryURL = "https://github.com/firebase/firebase-ios-sdk.git";
			requirement = {
				kind = upToNextMajorVersion;
				minimumVersion = 12.0.0;
			};
		};
		100000000000000000000942 /* XCRemoteSwiftPackageReference "GoogleSignIn-iOS" */ = {
			isa = XCRemoteSwiftPackageReference;
			repositoryURL = "https://github.com/google/GoogleSignIn-iOS.git";
			requirement = {
				kind = upToNextMajorVersion;
				minimumVersion = 9.0.0;
			};
		};
/* End XCRemoteSwiftPackageReference section */

/* Begin XCSwiftPackageProductDependency section */
		100000000000000000000951 /* FirebaseCore */ = {
			isa = XCSwiftPackageProductDependency;
			package = 100000000000000000000941 /* XCRemoteSwiftPackageReference "firebase-ios-sdk" */;
			productName = FirebaseCore;
		};
		100000000000000000000952 /* FirebaseAuth */ = {
			isa = XCSwiftPackageProductDependency;
			package = 100000000000000000000941 /* XCRemoteSwiftPackageReference "firebase-ios-sdk" */;
			productName = FirebaseAuth;
		};
		100000000000000000000953 /* FirebaseFirestore */ = {
			isa = XCSwiftPackageProductDependency;
			package = 100000000000000000000941 /* XCRemoteSwiftPackageReference "firebase-ios-sdk" */;
			productName = FirebaseFirestore;
		};
		100000000000000000000954 /* GoogleSignIn */ = {
			isa = XCSwiftPackageProductDependency;
			package = 100000000000000000000942 /* XCRemoteSwiftPackageReference "GoogleSignIn-iOS" */;
			productName = GoogleSignIn;
		};
/* End XCSwiftPackageProductDependency section */
	};
	rootObject = 100000000000000000000001 /* Project object */;
}
