<?xml version="1.0" encoding="UTF-8"?>
<Scheme
   LastUpgradeVersion = "2600"
   version = "1.7">
   <BuildAction
      parallelizeBuildables = "YES"
      buildImplicitDependencies = "YES"
      buildArchitectures = "Automatic">
      <BuildActionEntries>
         <BuildActionEntry
            buildForTesting = "YES"
            buildForRunning = "YES"
            buildForProfiling = "NO"
            buildForArchiving = "NO"
            buildForAnalyzing = "YES">
            <BuildableReference
               BuildableIdentifier = "primary"
               BlueprintIdentifier = "100000000000000000000401"
               BuildableName = "NewMoneyIPhone.app"
               BlueprintName = "NewMoneyIPhone"
               ReferencedContainer = "container:NewMoneyIPhone.xcodeproj">
            </BuildableReference>
         </BuildActionEntry>
      </BuildActionEntries>
   </BuildAction>
   <TestAction
      buildConfiguration = "Debug"
      selectedDebuggerIdentifier = "Xcode.DebuggerFoundation.Debugger.LLDB"
      selectedLauncherIdentifier = "Xcode.DebuggerFoundation.Launcher.LLDB"
      shouldUseLaunchSchemeArgsEnv = "YES"
      shouldAutocreateTestPlan = "YES">
      <MacroExpansion>
         <BuildableReference
            BuildableIdentifier = "primary"
            BlueprintIdentifier = "100000000000000000000401"
            BuildableName = "NewMoneyIPhone.app"
            BlueprintName = "NewMoneyIPhone"
            ReferencedContainer = "container:NewMoneyIPhone.xcodeproj">
         </BuildableReference>
      </MacroExpansion>
      <Testables>
         <TestableReference skipped = "NO" parallelizable = "NO">
            <BuildableReference
               BuildableIdentifier = "primary"
               BlueprintIdentifier = "100000000000000000000402"
               BuildableName = "NewMoneyIPhoneTests.xctest"
               BlueprintName = "NewMoneyIPhoneTests"
               ReferencedContainer = "container:NewMoneyIPhone.xcodeproj">
            </BuildableReference>
         </TestableReference>
      </Testables>
   </TestAction>
   <LaunchAction
      buildConfiguration = "Debug"
      selectedDebuggerIdentifier = "Xcode.DebuggerFoundation.Debugger.LLDB"
      selectedLauncherIdentifier = "Xcode.DebuggerFoundation.Launcher.LLDB"
      launchStyle = "0"
      useCustomWorkingDirectory = "NO"
      ignoresPersistentStateOnLaunch = "NO"
      debugDocumentVersioning = "YES"
      debugServiceExtension = "internal"
      allowLocationSimulation = "NO">
      <EnvironmentVariables>
         <EnvironmentVariable key = "NEWMONEY_LIVE_REPAIR" value = "personal-july-2026-v1" isEnabled = "YES"/>
         <EnvironmentVariable key = "NEWMONEY_LIVE_REPAIR_MODE" value = "dry-run" isEnabled = "YES"/>
         <EnvironmentVariable key = "NEWMONEY_LIVE_REPAIR_CHECKPOINT" value = "20260710T144446Z" isEnabled = "YES"/>
      </EnvironmentVariables>
      <BuildableProductRunnable runnableDebuggingMode = "0">
         <BuildableReference
            BuildableIdentifier = "primary"
            BlueprintIdentifier = "100000000000000000000401"
            BuildableName = "NewMoneyIPhone.app"
            BlueprintName = "NewMoneyIPhone"
            ReferencedContainer = "container:NewMoneyIPhone.xcodeproj">
         </BuildableReference>
      </BuildableProductRunnable>
   </LaunchAction>
   <AnalyzeAction buildConfiguration = "Debug">
   </AnalyzeAction>
</Scheme>
